
Microsoft Visual Studio Solution File, Format Version 12.00
# Visual Studio 15
VisualStudioVersion = 15.0.28307.572
MinimumVisualStudioVersion = 10.0.40219.1
Project("{FAE04EC0-301F-11D3-BF4B-00C04F79EFBC}") = "SingleResponsabilityPrinciple", "SingleResponsabilityPrinciple\SingleResponsabilityPrinciple.csproj", "{3958CCDD-D992-4F58-9121-4D02AD6531CC}"
EndProject
Global
	GlobalSection(SolutionConfigurationPlatforms) = preSolution
		Debug|Any CPU = Debug|Any CPU
		Release|Any CPU = Release|Any CPU
	EndGlobalSection
	GlobalSection(ProjectConfigurationPlatforms) = postSolution
		{3958CCDD-D992-4F58-9121-4D02AD6531CC}.Debug|Any CPU.ActiveCfg = Debug|Any CPU
		{3958CCDD-D992-4F58-9121-4D02AD6531CC}.Debug|Any CPU.Build.0 = Debug|Any CPU
		{3958CCDD-D992-4F58-9121-4D02AD6531CC}.Release|Any CPU.ActiveCfg = Release|Any CPU
		{3958CCDD-D992-4F58-9121-4D02AD6531CC}.Release|Any CPU.Build.0 = Release|Any CPU
	EndGlobalSection
	GlobalSection(SolutionProperties) = preSolution
		HideSolutionNode = FALSE
	EndGlobalSection
	GlobalSection(ExtensibilityGlobals) = postSolution
		SolutionGuid = {CC6F4875-930F-491F-B9FC-61EB75700A44}
	EndGlobalSection
EndGlobal
