
Microsoft Visual Studio Solution File, Format Version 12.00
# Visual Studio 15
VisualStudioVersion = 15.0.28307.572
MinimumVisualStudioVersion = 10.0.40219.1
Project("{9A19103F-16F7-4668-BE54-9A1E7A4F7556}") = "SolidTests", "SolidTests\SolidTests.csproj", "{36B6C869-612E-488E-8080-BA9D35F1D99A}"
EndProject
Project("{9A19103F-16F7-4668-BE54-9A1E7A4F7556}") = "LSP", "LSP\LSP.csproj", "{026E2BDB-2E4A-4B6E-BC07-D291DEAFB0CC}"
EndProject
Project("{9A19103F-16F7-4668-BE54-9A1E7A4F7556}") = "SRP", "SRP\SRP.csproj", "{A3DD192F-0225-4B75-A866-BA31DF00879B}"
EndProject
Project("{9A19103F-16F7-4668-BE54-9A1E7A4F7556}") = "OCP", "OCP\OCP.csproj", "{562FA4B8-6057-46B3-8EE9-F228D22ED7FD}"
EndProject
Project("{FAE04EC0-301F-11D3-BF4B-00C04F79EFBC}") = "ISP", "ISP\ISP.csproj", "{DBABFAB4-02A2-4FBA-89D1-06FD076C1F32}"
EndProject
Global
	GlobalSection(SolutionConfigurationPlatforms) = preSolution
		Debug|Any CPU = Debug|Any CPU
		Release|Any CPU = Release|Any CPU
	EndGlobalSection
	GlobalSection(ProjectConfigurationPlatforms) = postSolution
		{36B6C869-612E-488E-8080-BA9D35F1D99A}.Debug|Any CPU.ActiveCfg = Debug|Any CPU
		{36B6C869-612E-488E-8080-BA9D35F1D99A}.Debug|Any CPU.Build.0 = Debug|Any CPU
		{36B6C869-612E-488E-8080-BA9D35F1D99A}.Release|Any CPU.ActiveCfg = Release|Any CPU
		{36B6C869-612E-488E-8080-BA9D35F1D99A}.Release|Any CPU.Build.0 = Release|Any CPU
		{026E2BDB-2E4A-4B6E-BC07-D291DEAFB0CC}.Debug|Any CPU.ActiveCfg = Debug|Any CPU
		{026E2BDB-2E4A-4B6E-BC07-D291DEAFB0CC}.Debug|Any CPU.Build.0 = Debug|Any CPU
		{026E2BDB-2E4A-4B6E-BC07-D291DEAFB0CC}.Release|Any CPU.ActiveCfg = Release|Any CPU
		{026E2BDB-2E4A-4B6E-BC07-D291DEAFB0CC}.Release|Any CPU.Build.0 = Release|Any CPU
		{A3DD192F-0225-4B75-A866-BA31DF00879B}.Debug|Any CPU.ActiveCfg = Debug|Any CPU
		{A3DD192F-0225-4B75-A866-BA31DF00879B}.Debug|Any CPU.Build.0 = Debug|Any CPU
		{A3DD192F-0225-4B75-A866-BA31DF00879B}.Release|Any CPU.ActiveCfg = Release|Any CPU
		{A3DD192F-0225-4B75-A866-BA31DF00879B}.Release|Any CPU.Build.0 = Release|Any CPU
		{562FA4B8-6057-46B3-8EE9-F228D22ED7FD}.Debug|Any CPU.ActiveCfg = Debug|Any CPU
		{562FA4B8-6057-46B3-8EE9-F228D22ED7FD}.Debug|Any CPU.Build.0 = Debug|Any CPU
		{562FA4B8-6057-46B3-8EE9-F228D22ED7FD}.Release|Any CPU.ActiveCfg = Release|Any CPU
		{562FA4B8-6057-46B3-8EE9-F228D22ED7FD}.Release|Any CPU.Build.0 = Release|Any CPU
		{DBABFAB4-02A2-4FBA-89D1-06FD076C1F32}.Debug|Any CPU.ActiveCfg = Debug|Any CPU
		{DBABFAB4-02A2-4FBA-89D1-06FD076C1F32}.Debug|Any CPU.Build.0 = Debug|Any CPU
		{DBABFAB4-02A2-4FBA-89D1-06FD076C1F32}.Release|Any CPU.ActiveCfg = Release|Any CPU
		{DBABFAB4-02A2-4FBA-89D1-06FD076C1F32}.Release|Any CPU.Build.0 = Release|Any CPU
	EndGlobalSection
	GlobalSection(SolutionProperties) = preSolution
		HideSolutionNode = FALSE
	EndGlobalSection
	GlobalSection(ExtensibilityGlobals) = postSolution
		SolutionGuid = {CC6F4875-930F-491F-B9FC-61EB75700A44}
	EndGlobalSection
EndGlobal
